<?xml version="1.0" encoding="utf-8"?>
<Project ToolsVersion="4.0" xmlns="http://schemas.microsoft.com/developer/msbuild/2003">
  <ItemGroup>
    <Filter Include="Source Files">
      <UniqueIdentifier>{4FC737F1-C7A5-4376-A066-2A32D752A2FF}</UniqueIdentifier>
      <Extensions>cpp;c;cc;cxx;c++;cppm;ixx;def;odl;idl;hpj;bat;asm;asmx</Extensions>
    </Filter>
    <Filter Include="Header Files">
      <UniqueIdentifier>{93995380-89BD-4b04-88EB-625FBE52EBFB}</UniqueIdentifier>
      <Extensions>h;hh;hpp;hxx;h++;hm;inl;inc;ipp;xsd</Extensions>
    </Filter>
    <Filter Include="Resource Files">
      <UniqueIdentifier>{67DA6AB6-F800-4c08-8B7A-83BB121AAD01}</UniqueIdentifier>
      <Extensions>rc;ico;cur;bmp;dlg;rc2;rct;bin;rgs;gif;jpg;jpeg;jpe;resx;tiff;tif;png;wav;mfcribbon-ms</Extensions>
    </Filter>
  </ItemGroup>
  <ItemGroup>
    <ClCompile Include="ants\main.cpp">
      <Filter>Source Files</Filter>
    </ClCompile>
    <ClCompile Include="ants\Maze\MazeMeshGenerator.cpp">
      <Filter>Source Files</Filter>
    </ClCompile>
    <ClCompile Include="ants\Maze\MazeGeneration_proj\CException.cpp">
      <Filter>Source Files</Filter>
    </ClCompile>
    <ClCompile Include="ants\Maze\MazeGeneration_proj\CMaze.cpp">
      <Filter>Source Files</Filter>
    </ClCompile>
    <ClCompile Include="ants\Maze\MazeGeneration_proj\CMazeGenerator.cpp">
      <Filter>Source Files</Filter>
    </ClCompile>
    <ClCompile Include="ants\Maze\MazeGeneration_proj\CTile.cpp">
      <Filter>Source Files</Filter>
    </ClCompile>
    <ClCompile Include="ants\Maze\MazeGeneration_proj\libAntMaze.cpp">
      <Filter>Source Files</Filter>
    </ClCompile>
    <ClCompile Include="ants\GameLogic\AntsPlayer.cpp">
      <Filter>Source Files</Filter>
    </ClCompile>
    <ClCompile Include="ants\Maze\MazeTileSystem.cpp">
      <Filter>Source Files</Filter>
    </ClCompile>
  </ItemGroup>
  <ItemGroup>
    <None Include=".gitignore" />
  </ItemGroup>
  <ItemGroup>
    <ClInclude Include="ants\GameScenes\InGame.h">
      <Filter>Header Files</Filter>
    </ClInclude>
    <ClInclude Include="ants\GameScenes\Menu.h">
      <Filter>Header Files</Filter>
    </ClInclude>
    <ClInclude Include="ants\GameScenes\Playground.h">
      <Filter>Header Files</Filter>
    </ClInclude>
    <ClInclude Include="ants\Server\ServerInfos.h">
      <Filter>Header Files</Filter>
    </ClInclude>
    <ClInclude Include="ants\Food.h">
      <Filter>Header Files</Filter>
    </ClInclude>
    <ClInclude Include="ants\GameManager.h">
      <Filter>Header Files</Filter>
    </ClInclude>
    <ClInclude Include="ants\Maze\MazeMeshGenerator.h">
      <Filter>Header Files</Filter>
    </ClInclude>
    <ClInclude Include="ants\Maze\MazeGeneration_proj\libAntMaze.h">
      <Filter>Header Files</Filter>
    </ClInclude>
    <ClInclude Include="ants\Maze\MazeGeneration_proj\CException.h">
      <Filter>Header Files</Filter>
    </ClInclude>
    <ClInclude Include="ants\Maze\MazeGeneration_proj\CMaze.h">
      <Filter>Header Files</Filter>
    </ClInclude>
    <ClInclude Include="ants\Maze\MazeGeneration_proj\CMazeGenerator.h">
      <Filter>Header Files</Filter>
    </ClInclude>
    <ClInclude Include="ants\Maze\MazeGeneration_proj\CTile.h">
      <Filter>Header Files</Filter>
    </ClInclude>
    <ClInclude Include="ants\GameLogic\AntsPlayer.h">
      <Filter>Header Files</Filter>
    </ClInclude>
    <ClInclude Include="ants\Maze\MazeTileSystem.h">
      <Filter>Header Files</Filter>
    </ClInclude>
  </ItemGroup>
</Project>